
Microsoft Visual Studio Solution File, Format Version 12.00
# Visual Studio Version 16
VisualStudioVersion = 16.0.31729.503
MinimumVisualStudioVersion = 10.0.40219.1
Project("{888888A0-9F3D-457C-B088-3A5042F75D52}") = "Bakery", "Bakery\Bakery.pyproj", "{34485F9D-9444-431D-98A0-83AE16C5572B}"
EndProject
Global
	GlobalSection(SolutionConfigurationPlatforms) = preSolution
		Debug|Any CPU = Debug|Any CPU
		Release|Any CPU = Release|Any CPU
	EndGlobalSection
	GlobalSection(ProjectConfigurationPlatforms) = postSolution
		{34485F9D-9444-431D-98A0-83AE16C5572B}.Debug|Any CPU.ActiveCfg = Debug|Any CPU
		{34485F9D-9444-431D-98A0-83AE16C5572B}.Release|Any CPU.ActiveCfg = Release|Any CPU
	EndGlobalSection
	GlobalSection(SolutionProperties) = preSolution
		HideSolutionNode = FALSE
	EndGlobalSection
	GlobalSection(ExtensibilityGlobals) = postSolution
		SolutionGuid = {06D3FACD-2706-4C4D-AE14-25EB961FE1A6}
	EndGlobalSection
EndGlobal
